github.com/caarlos0/go-shellwords v1.0.12 h1:HWrUnu6lGbWfrDcFiHcZiwOLzHWjjrPVehULaTFgPp8=
github.com/caarlos0/go-shellwords v1.0.12/go.mod h1:bYeeX1GrTLPl5cAMYEzdm272qdsQAZiaHgeF0KTk1Gw=
github.com/mattn/go-shellwords v1.0.12 h1:M2zGm7EW6UQJvDeQxo4T51eKPurbeFbe8WtebGE2xrk=
github.com/mattn/go-shellwords v1.0.12/go.mod h1:EZzvwXDESEeg03EKmM+RmDnNOPKG4lLtQsUlTZDWQ8Y=
